// !$*UTF8*$!
{
	archiveVersion = 1;
	classes = {
	};
	objectVersion = 77;
	objects = {

/* Begin PBXContainerItemProxy section */
		F7B08D5F2D97783000F43F42 /* PBXContainerItemProxy */ = {
			isa = PBXContainerItemProxy;
			containerPortal = F7B08D452D97782E00F43F42 /* Project object */;
			proxyType = 1;
			remoteGlobalIDString = F7B08D4C2D97782E00F43F42;
			remoteInfo = JACKJACKTerminal;
		};
		F7B08D692D97783000F43F42 /* PBXContainerItemProxy */ = {
			isa = PBXContainerItemProxy;
			containerPortal = F7B08D452D97782E00F43F42 /* Project object */;
			proxyType = 1;
			remoteGlobalIDString = F7B08D4C2D97782E00F43F42;
			remoteInfo = JACKJACKTerminal;
		};
/* End PBXContainerItemProxy section */

/* Begin PBXFileReference section */
		F7B08D4D2D97782E00F43F42 /* JACKJACKTerminal.app */ = {isa = PBXFileReference; explicitFileType = wrapper.application; includeInIndex = 0; path = JACKJACKTerminal.app; sourceTree = BUILT_PRODUCTS_DIR; };
		F7B08D5E2D97783000F43F42 /* JACKJACKTerminalTests.xctest */ = {isa = PBXFileReference; explicitFileType = wrapper.cfbundle; includeInIndex = 0; path = JACKJACKTerminalTests.xctest; sourceTree = BUILT_PRODUCTS_DIR; };
		F7B08D682D97783000F43F42 /* JACKJACKTerminalUITests.xctest */ = {isa = PBXFileReference; explicitFileType = wrapper.cfbundle; includeInIndex = 0; path = JACKJACKTerminalUITests.xctest; sourceTree = BUILT_PRODUCTS_DIR; };
/* End PBXFileReference section */

/* Begin PBXFileSystemSynchronizedRootGroup section */
		F7B08D4F2D97782E00F43F42 /* JACKJACKTerminal */ = {
			isa = PBXFileSystemSynchronizedRootGroup;
			path = JACKJACKTerminal;
			sourceTree = "<group>";
		};
/* End PBXFileSystemSynchronizedRootGroup section */

/* Begin PBXFrameworksBuildPhase section */
		F7B08D4A2D97782E00F43F42 /* Frameworks */ = {
			isa = PBXFrameworksBuildPhase;
			buildActionMask = 2147483647;
			files = (
			);
			runOnlyForDeploymentPostprocessing = 0;
		};
		F7B08D5B2D97783000F43F42 /* Frameworks */ = {
			isa = PBXFrameworksBuildPhase;
			buildActionMask = 2147483647;
			files = (
			);
			runOnlyForDeploymentPostprocessing = 0;
		};
		F7B08D652D97783000F43F42 /* Frameworks */ = {
			isa = PBXFrameworksBuildPhase;
			buildActionMask = 2147483647;
			files = (
			);
			runOnlyForDeploymentPostprocessing = 0;
		};
/* End PBXFrameworksBuildPhase section */

/* Begin PBXGroup section */
		F7B08D442D97782E00F43F42 = {
			isa = PBXGroup;
			children = (
				F7B08D4F2D97782E00F43F42 /* JACKJACKTerminal */,
				F7B08D4E2D97782E00F43F42 /* Products */,
			);
			sourceTree = "<group>";
		};
		F7B08D4E2D97782E00F43F42 /* Products */ = {
			isa = PBXGroup;
			children = (
				F7B08D4D2D97782E00F43F42 /* JACKJACKTerminal.app */,
				F7B08D5E2D97783000F43F42 /* JACKJACKTerminalTests.xctest */,
				F7B08D682D97783000F43F42 /* JACKJACKTerminalUITests.xctest */,
			);
			name = Products;
			sourceTree = "<group>";
		};
/* End PBXGroup section */

/* Begin PBXNativeTarget section */
		F7B08D4C2D97782E00F43F42 /* JACKJACKTerminal */ = {
			isa = PBXNativeTarget;
			buildConfigurationList = F7B08D722D97783000F43F42 /* Build configuration list for PBXNativeTarget "JACKJACKTerminal" */;
			buildPhases = (
				F7B08D492D97782E00F43F42 /* Sources */,
				F7B08D4A2D97782E00F43F42 /* Frameworks */,
				F7B08D4B2D97782E00F43F42 /* Resources */,
			);
			buildRules = (
			);
			dependencies = (
			);
			fileSystemSynchronizedGroups = (
				F7B08D4F2D97782E00F43F42 /* JACKJACKTerminal */,
			);
			name = JACKJACKTerminal;
			packageProductDependencies = (
			);
			productName = JACKJACKTerminal;
			productReference = F7B08D4D2D97782E00F43F42 /* JACKJACKTerminal.app */;
			productType = "com.apple.product-type.application";
		};
		F7B08D5D2D97783000F43F42 /* JACKJACKTerminalTests */ = {
			isa = PBXNativeTarget;
			buildConfigurationList = F7B08D752D97783000F43F42 /* Build configuration list for PBXNativeTarget "JACKJACKTerminalTests" */;
			buildPhases = (
				F7B08D5A2D97783000F43F42 /* Sources */,
				F7B08D5B2D97783000F43F42 /* Frameworks */,
				F7B08D5C2D97783000F43F42 /* Resources */,
			);
			buildRules = (
			);
			dependencies = (
				F7B08D602D97783000F43F42 /* PBXTargetDependency */,
			);
			name = JACKJACKTerminalTests;
			packageProductDependencies = (
			);
			productName = JACKJACKTerminalTests;
			productReference = F7B08D5E2D97783000F43F42 /* JACKJACKTerminalTests.xctest */;
			productType = "com.apple.product-type.bundle.unit-test";
		};
		F7B08D672D97783000F43F42 /* JACKJACKTerminalUITests */ = {
			isa = PBXNativeTarget;
			buildConfigurationList = F7B08D782D97783000F43F42 /* Build configuration list for PBXNativeTarget "JACKJACKTerminalUITests" */;
			buildPhases = (
				F7B08D642D97783000F43F42 /* Sources */,
				F7B08D652D97783000F43F42 /* Frameworks */,
				F7B08D662D97783000F43F42 /* Resources */,
			);
			buildRules = (
			);
			dependencies = (
				F7B08D6A2D97783000F43F42 /* PBXTargetDependency */,
			);
			name = JACKJACKTerminalUITests;
			packageProductDependencies = (
			);
			productName = JACKJACKTerminalUITests;
			productReference = F7B08D682D97783000F43F42 /* JACKJACKTerminalUITests.xctest */;
			productType = "com.apple.product-type.bundle.ui-testing";
		};
/* End PBXNativeTarget section */

/* Begin PBXProject section */
		F7B08D452D97782E00F43F42 /* Project object */ = {
			isa = PBXProject;
			attributes = {
				BuildIndependentTargetsInParallel = 1;
				LastSwiftUpdateCheck = 1620;
				LastUpgradeCheck = 1620;
				TargetAttributes = {
					F7B08D4C2D97782E00F43F42 = {
						CreatedOnToolsVersion = 16.2;
					};
					F7B08D5D2D97783000F43F42 = {
						CreatedOnToolsVersion = 16.2;
						TestTargetID = F7B08D4C2D97782E00F43F42;
					};
					F7B08D672D97783000F43F42 = {
						CreatedOnToolsVersion = 16.2;
						TestTargetID = F7B08D4C2D97782E00F43F42;
					};
				};
			};
			buildConfigurationList = F7B08D482D97782E00F43F42 /* Build configuration list for PBXProject "JACKJACKTerminal" */;
			developmentRegion = en;
			hasScannedForEncodings = 0;
			knownRegions = (
				en,
				Base,
			);
			mainGroup = F7B08D442D97782E00F43F42;
			minimizedProjectReferenceProxies = 1;
			packageReferences = (
			);
			preferredProjectObjectVersion = 77;
			productRefGroup = F7B08D4E2D97782E00F43F42 /* Products */;
			projectDirPath = "";
			projectRoot = "";
			targets = (
				F7B08D4C2D97782E00F43F42 /* JACKJACKTerminal */,
				F7B08D5D2D97783000F43F42 /* JACKJACKTerminalTests */,
				F7B08D672D97783000F43F42 /* JACKJACKTerminalUITests */,
			);
		};
/* End PBXProject section */

/* Begin PBXResourcesBuildPhase section */
		F7B08D4B2D97782E00F43F42 /* Resources */ = {
			isa = PBXResourcesBuildPhase;
			buildActionMask = 2147483647;
			files = (
			);
			runOnlyForDeploymentPostprocessing = 0;
		};
		F7B08D5C2D97783000F43F42 /* Resources */ = {
			isa = PBXResourcesBuildPhase;
			buildActionMask = 2147483647;
			files = (
			);
			runOnlyForDeploymentPostprocessing = 0;
		};
		F7B08D662D97783000F43F42 /* Resources */ = {
			isa = PBXResourcesBuildPhase;
			buildActionMask = 2147483647;
			files = (
			);
			runOnlyForDeploymentPostprocessing = 0;
		};
/* End PBXResourcesBuildPhase section */

/* Begin PBXSourcesBuildPhase section */
		F7B08D492D97782E00F43F42 /* Sources */ = {
			isa = PBXSourcesBuildPhase;
			buildActionMask = 2147483647;
			files = (
			);
			runOnlyForDeploymentPostprocessing = 0;
		};
		F7B08D5A2D97783000F43F42 /* Sources */ = {
			isa = PBXSourcesBuildPhase;
			buildActionMask = 2147483647;
			files = (
			);
			runOnlyForDeploymentPostprocessing = 0;
		};
		F7B08D642D97783000F43F42 /* Sources */ = {
			isa = PBXSourcesBuildPhase;
			buildActionMask = 2147483647;
			files = (
			);
			runOnlyForDeploymentPostprocessing = 0;
		};
/* End PBXSourcesBuildPhase section */

/* Begin PBXTargetDependency section */
		F7B08D602D97783000F43F42 /* PBXTargetDependency */ = {
			isa = PBXTargetDependency;
			target = F7B08D4C2D97782E00F43F42 /* JACKJACKTerminal */;
			targetProxy = F7B08D5F2D97783000F43F42 /* PBXContainerItemProxy */;
		};
		F7B08D6A2D97783000F43F42 /* PBXTargetDependency */ = {
			isa = PBXTargetDependency;
			target = F7B08D4C2D97782E00F43F42 /* JACKJACKTerminal */;
			targetProxy = F7B08D692D97783000F43F42 /* PBXContainerItemProxy */;
		};
/* End PBXTargetDependency section */

/* Begin XCBuildConfiguration section */
		F7B08D702D97783000F43F42 /* Debug */ = {
			isa = XCBuildConfiguration;
			buildSettings = {
				ALWAYS_SEARCH_USER_PATHS = NO;
				ASSETCATALOG_COMPILER_GENERATE_SWIFT_ASSET_SYMBOL_EXTENSIONS = YES;
				CLANG_ANALYZER_NONNULL = YES;
				CLANG_ANALYZER_NUMBER_OBJECT_CONVERSION = YES_AGGRESSIVE;
				CLANG_CXX_LANGUAGE_STANDARD = "gnu++20";
				CLANG_ENABLE_MODULES = YES;
				CLANG_ENABLE_OBJC_ARC = YES;
				CLANG_ENABLE_OBJC_WEAK = YES;
				CLANG_WARN_BLOCK_CAPTURE_AUTORELEASING = YES;
				CLANG_WARN_BOOL_CONVERSION = YES;
				CLANG_WARN_COMMA = YES;
				CLANG_WARN_CONSTANT_CONVERSION = YES;
				CLANG_WARN_DEPRECATED_OBJC_IMPLEMENTATIONS = YES;
				CLANG_WARN_DIRECT_OBJC_ISA_USAGE = YES_ERROR;
				CLANG_WARN_DOCUMENTATION_COMMENTS = YES;
				CLANG_WARN_EMPTY_BODY = YES;
				CLANG_WARN_ENUM_CONVERSION = YES;
				CLANG_WARN_INFINITE_RECURSION = YES;
				CLANG_WARN_INT_CONVERSION = YES;
				CLANG_WARN_NON_LITERAL_NULL_CONVERSION = YES;
				CLANG_WARN_OBJC_IMPLICIT_RETAIN_SELF = YES;
				CLANG_WARN_OBJC_LITERAL_CONVERSION = YES;
				CLANG_WARN_OBJC_ROOT_CLASS = YES_ERROR;
				CLANG_WARN_QUOTED_INCLUDE_IN_FRAMEWORK_HEADER = YES;
				CLANG_WARN_RANGE_LOOP_ANALYSIS = YES;
				CLANG_WARN_STRICT_PROTOTYPES = YES;
				CLANG_WARN_SUSPICIOUS_MOVE = YES;
				CLANG_WARN_UNGUARDED_AVAILABILITY = YES_AGGRESSIVE;
				CLANG_WARN_UNREACHABLE_CODE = YES;
				CLANG_WARN__DUPLICATE_METHOD_MATCH = YES;
				COPY_PHASE_STRIP = NO;
				DEBUG_INFORMATION_FORMAT = dwarf;
				ENABLE_STRICT_OBJC_MSGSEND = YES;
				ENABLE_TESTABILITY = YES;
				ENABLE_USER_SCRIPT_SANDBOXING = YES;
				GCC_C_LANGUAGE_STANDARD = gnu17;
				GCC_DYNAMIC_NO_PIC = NO;
				GCC_NO_COMMON_BLOCKS = YES;
				GCC_OPTIMIZATION_LEVEL = 0;
				GCC_PREPROCESSOR_DEFINITIONS = (
					"DEBUG=1",
					"$(inherited)",
				);
				GCC_WARN_64_TO_32_BIT_CONVERSION = YES;
				GCC_WARN_ABOUT_RETURN_TYPE = YES_ERROR;
				GCC_WARN_UNDECLARED_SELECTOR = YES;
				GCC_WARN_UNINITIALIZED_AUTOS = YES_AGGRESSIVE;
				GCC_WARN_UNUSED_FUNCTION = YES;
				GCC_WARN_UNUSED_VARIABLE = YES;
				LOCALIZATION_PREFERS_STRING_CATALOGS = YES;
				MACOSX_DEPLOYMENT_TARGET = 15.2;
				MTL_ENABLE_DEBUG_INFO = INCLUDE_SOURCE;
				MTL_FAST_MATH = YES;
				ONLY_ACTIVE_ARCH = YES;
				SDKROOT = macosx;
				SWIFT_ACTIVE_COMPILATION_CONDITIONS = "DEBUG $(inherited)";
				SWIFT_OPTIMIZATION_LEVEL = "-Onone";
			};
			name = Debug;
		};
		F7B08D712D97783000F43F42 /* Release */ = {
			isa = XCBuildConfiguration;
			buildSettings = {
				ALWAYS_SEARCH_USER_PATHS = NO;
				ASSETCATALOG_COMPILER_GENERATE_SWIFT_ASSET_SYMBOL_EXTENSIONS = YES;
				CLANG_ANALYZER_NONNULL = YES;
				CLANG_ANALYZER_NUMBER_OBJECT_CONVERSION = YES_AGGRESSIVE;
				CLANG_CXX_LANGUAGE_STANDARD = "gnu++20";
				CLANG_ENABLE_MODULES = YES;
				CLANG_ENABLE_OBJC_ARC = YES;
				CLANG_ENABLE_OBJC_WEAK = YES;
				CLANG_WARN_BLOCK_CAPTURE_AUTORELEASING = YES;
				CLANG_WARN_BOOL_CONVERSION = YES;
				CLANG_WARN_COMMA = YES;
				CLANG_WARN_CONSTANT_CONVERSION = YES;
				CLANG_WARN_DEPRECATED_OBJC_IMPLEMENTATIONS = YES;
				CLANG_WARN_DIRECT_OBJC_ISA_USAGE = YES_ERROR;
				CLANG_WARN_DOCUMENTATION_COMMENTS = YES;
				CLANG_WARN_EMPTY_BODY = YES;
				CLANG_WARN_ENUM_CONVERSION = YES;
				CLANG_WARN_INFINITE_RECURSION = YES;
				CLANG_WARN_INT_CONVERSION = YES;
				CLANG_WARN_NON_LITERAL_NULL_CONVERSION = YES;
				CLANG_WARN_OBJC_IMPLICIT_RETAIN_SELF = YES;
				CLANG_WARN_OBJC_LITERAL_CONVERSION = YES;
				CLANG_WARN_OBJC_ROOT_CLASS = YES_ERROR;
				CLANG_WARN_QUOTED_INCLUDE_IN_FRAMEWORK_HEADER = YES;
				CLANG_WARN_RANGE_LOOP_ANALYSIS = YES;
				CLANG_WARN_STRICT_PROTOTYPES = YES;
				CLANG_WARN_SUSPICIOUS_MOVE = YES;
				CLANG_WARN_UNGUARDED_AVAILABILITY = YES_AGGRESSIVE;
				CLANG_WARN_UNREACHABLE_CODE = YES;
				CLANG_WARN__DUPLICATE_METHOD_MATCH = YES;
				COPY_PHASE_STRIP = NO;
				DEBUG_INFORMATION_FORMAT = "dwarf-with-dsym";
				ENABLE_NS_ASSERTIONS = NO;
				ENABLE_STRICT_OBJC_MSGSEND = YES;
				ENABLE_USER_SCRIPT_SANDBOXING = YES;
				GCC_C_LANGUAGE_STANDARD = gnu17;
				GCC_NO_COMMON_BLOCKS = YES;
				GCC_WARN_64_TO_32_BIT_CONVERSION = YES;
				GCC_WARN_ABOUT_RETURN_TYPE = YES_ERROR;
				GCC_WARN_UNDECLARED_SELECTOR = YES;
				GCC_WARN_UNINITIALIZED_AUTOS = YES_AGGRESSIVE;
				GCC_WARN_UNUSED_FUNCTION = YES;
				GCC_WARN_UNUSED_VARIABLE = YES;
				LOCALIZATION_PREFERS_STRING_CATALOGS = YES;
				MACOSX_DEPLOYMENT_TARGET = 15.2;
				MTL_ENABLE_DEBUG_INFO = NO;
				MTL_FAST_MATH = YES;
				SDKROOT = macosx;
				SWIFT_COMPILATION_MODE = wholemodule;
			};
			name = Release;
		};
		F7B08D732D97783000F43F42 /* Debug */ = {
			isa = XCBuildConfiguration;
			buildSettings = {
				ASSETCATALOG_COMPILER_APPICON_NAME = AppIcon;
				ASSETCATALOG_COMPILER_GLOBAL_ACCENT_COLOR_NAME = AccentColor;
				CODE_SIGN_ENTITLEMENTS = JACKJACKTerminal/JACKJACKTerminal.entitlements;
				CODE_SIGN_STYLE = Automatic;
				COMBINE_HIDPI_IMAGES = YES;
				CURRENT_PROJECT_VERSION = 1;
				DEVELOPMENT_ASSET_PATHS = "\"JACKJACKTerminal/Preview Content\"";
				ENABLE_PREVIEWS = YES;
				GENERATE_INFOPLIST_FILE = YES;
				INFOPLIST_KEY_NSHumanReadableCopyright = "";
				LD_RUNPATH_SEARCH_PATHS = (
					"$(inherited)",
					"@executable_path/../Frameworks",
				);
				MARKETING_VERSION = 1.0;
				PRODUCT_BUNDLE_IDENTIFIER = "JackJack-Corp.JACKJACKTerminal";
				PRODUCT_NAME = "$(TARGET_NAME)";
				SWIFT_EMIT_LOC_STRINGS = YES;
				SWIFT_VERSION = 5.0;
			};
			name = Debug;
		};
		F7B08D742D97783000F43F42 /* Release */ = {
			isa = XCBuildConfiguration;
			buildSettings = {
				ASSETCATALOG_COMPILER_APPICON_NAME = AppIcon;
				ASSETCATALOG_COMPILER_GLOBAL_ACCENT_COLOR_NAME = AccentColor;
				CODE_SIGN_ENTITLEMENTS = JACKJACKTerminal/JACKJACKTerminal.entitlements;
				CODE_SIGN_STYLE = Automatic;
				COMBINE_HIDPI_IMAGES = YES;
				CURRENT_PROJECT_VERSION = 1;
				DEVELOPMENT_ASSET_PATHS = "\"JACKJACKTerminal/Preview Content\"";
				ENABLE_PREVIEWS = YES;
				GENERATE_INFOPLIST_FILE = YES;
				INFOPLIST_KEY_NSHumanReadableCopyright = "";
				LD_RUNPATH_SEARCH_PATHS = (
					"$(inherited)",
					"@executable_path/../Frameworks",
				);
				MARKETING_VERSION = 1.0;
				PRODUCT_BUNDLE_IDENTIFIER = "JackJack-Corp.JACKJACKTerminal";
				PRODUCT_NAME = "$(TARGET_NAME)";
				SWIFT_EMIT_LOC_STRINGS = YES;
				SWIFT_VERSION = 5.0;
			};
			name = Release;
		};
		F7B08D762D97783000F43F42 /* Debug */ = {
			isa = XCBuildConfiguration;
			buildSettings = {
				BUNDLE_LOADER = "$(TEST_HOST)";
				CODE_SIGN_STYLE = Automatic;
				CURRENT_PROJECT_VERSION = 1;
				GENERATE_INFOPLIST_FILE = YES;
				MACOSX_DEPLOYMENT_TARGET = 15.2;
				MARKETING_VERSION = 1.0;
				PRODUCT_BUNDLE_IDENTIFIER = "JackJack-Corp.JACKJACKTerminalTests";
				PRODUCT_NAME = "$(TARGET_NAME)";
				SWIFT_EMIT_LOC_STRINGS = NO;
				SWIFT_VERSION = 5.0;
				TEST_HOST = "$(BUILT_PRODUCTS_DIR)/JACKJACKTerminal.app/$(BUNDLE_EXECUTABLE_FOLDER_PATH)/JACKJACKTerminal";
			};
			name = Debug;
		};
		F7B08D772D97783000F43F42 /* Release */ = {
			isa = XCBuildConfiguration;
			buildSettings = {
				BUNDLE_LOADER = "$(TEST_HOST)";
				CODE_SIGN_STYLE = Automatic;
				CURRENT_PROJECT_VERSION = 1;
				GENERATE_INFOPLIST_FILE = YES;
				MACOSX_DEPLOYMENT_TARGET = 15.2;
				MARKETING_VERSION = 1.0;
				PRODUCT_BUNDLE_IDENTIFIER = "JackJack-Corp.JACKJACKTerminalTests";
				PRODUCT_NAME = "$(TARGET_NAME)";
				SWIFT_EMIT_LOC_STRINGS = NO;
				SWIFT_VERSION = 5.0;
				TEST_HOST = "$(BUILT_PRODUCTS_DIR)/JACKJACKTerminal.app/$(BUNDLE_EXECUTABLE_FOLDER_PATH)/JACKJACKTerminal";
			};
			name = Release;
		};
		F7B08D792D97783000F43F42 /* Debug */ = {
			isa = XCBuildConfiguration;
			buildSettings = {
				CODE_SIGN_STYLE = Automatic;
				CURRENT_PROJECT_VERSION = 1;
				GENERATE_INFOPLIST_FILE = YES;
				MARKETING_VERSION = 1.0;
				PRODUCT_BUNDLE_IDENTIFIER = "JackJack-Corp.JACKJACKTerminalUITests";
				PRODUCT_NAME = "$(TARGET_NAME)";
				SWIFT_EMIT_LOC_STRINGS = NO;
				SWIFT_VERSION = 5.0;
				TEST_TARGET_NAME = JACKJACKTerminal;
			};
			name = Debug;
		};
		F7B08D7A2D97783000F43F42 /* Release */ = {
			isa = XCBuildConfiguration;
			buildSettings = {
				CODE_SIGN_STYLE = Automatic;
				CURRENT_PROJECT_VERSION = 1;
				GENERATE_INFOPLIST_FILE = YES;
				MARKETING_VERSION = 1.0;
				PRODUCT_BUNDLE_IDENTIFIER = "JackJack-Corp.JACKJACKTerminalUITests";
				PRODUCT_NAME = "$(TARGET_NAME)";
				SWIFT_EMIT_LOC_STRINGS = NO;
				SWIFT_VERSION = 5.0;
				TEST_TARGET_NAME = JACKJACKTerminal;
			};
			name = Release;
		};
/* End XCBuildConfiguration section */

/* Begin XCConfigurationList section */
		F7B08D482D97782E00F43F42 /* Build configuration list for PBXProject "JACKJACKTerminal" */ = {
			isa = XCConfigurationList;
			buildConfigurations = (
				F7B08D702D97783000F43F42 /* Debug */,
				F7B08D712D97783000F43F42 /* Release */,
			);
			defaultConfigurationIsVisible = 0;
			defaultConfigurationName = Release;
		};
		F7B08D722D97783000F43F42 /* Build configuration list for PBXNativeTarget "JACKJACKTerminal" */ = {
			isa = XCConfigurationList;
			buildConfigurations = (
				F7B08D732D97783000F43F42 /* Debug */,
				F7B08D742D97783000F43F42 /* Release */,
			);
			defaultConfigurationIsVisible = 0;
			defaultConfigurationName = Release;
		};
		F7B08D752D97783000F43F42 /* Build configuration list for PBXNativeTarget "JACKJACKTerminalTests" */ = {
			isa = XCConfigurationList;
			buildConfigurations = (
				F7B08D762D97783000F43F42 /* Debug */,
				F7B08D772D97783000F43F42 /* Release */,
			);
			defaultConfigurationIsVisible = 0;
			defaultConfigurationName = Release;
		};
		F7B08D782D97783000F43F42 /* Build configuration list for PBXNativeTarget "JACKJACKTerminalUITests" */ = {
			isa = XCConfigurationList;
			buildConfigurations = (
				F7B08D792D97783000F43F42 /* Debug */,
				F7B08D7A2D97783000F43F42 /* Release */,
			);
			defaultConfigurationIsVisible = 0;
			defaultConfigurationName = Release;
		};
/* End XCConfigurationList section */
	};
	rootObject = F7B08D452D97782E00F43F42 /* Project object */;
}
